
Microsoft Visual Studio Solution File, Format Version 12.00
# Visual Studio Version 17
VisualStudioVersion = 17.0.31815.197
MinimumVisualStudioVersion = 10.0.40219.1
Project("{2150E333-8FDC-42A3-9474-1A3956D46DE8}") = "src", "src", "{106AE906-5075-410A-B941-912F811848EE}"
EndProject
Project("{2150E333-8FDC-42A3-9474-1A3956D46DE8}") = "tests", "tests", "{B31B4797-1D9F-4288-808C-BE9A31A98C7D}"
EndProject
Project("{2150E333-8FDC-42A3-9474-1A3956D46DE8}") = "Solution Items", "Solution Items", "{250F283E-FE2F-4BBD-9E63-A2265B84E23F}"
	ProjectSection(SolutionItems) = preProject
		.editorconfig = .editorconfig
		CleanArchitecture.nuspec = CleanArchitecture.nuspec
		Directory.Build.props = Directory.Build.props
		Directory.Packages.props = Directory.Packages.props
	EndProjectSection
EndProject
Project("{9A19103F-16F7-4668-BE54-9A1E7A4F7556}") = "CarLife.WebUI", "src\CarLife.WebUI\CarLife.WebUI.csproj", "{31EEF573-2227-4754-B0A5-D90459D8E985}"
EndProject
Project("{9A19103F-16F7-4668-BE54-9A1E7A4F7556}") = "CarLife.WebAPI", "src\CarLife.WebAPI\CarLife.WebAPI.csproj", "{5CC9C81C-1901-42A1-96D7-D622B5E59E66}"
EndProject
Project("{9A19103F-16F7-4668-BE54-9A1E7A4F7556}") = "CarLife.IdentityServer", "src\CarLife.IdentityServer\CarLife.IdentityServer.csproj", "{26666192-06C4-40EA-BBE4-E2CB692395F9}"
EndProject
Project("{FAE04EC0-301F-11D3-BF4B-00C04F79EFBC}") = "CarLife.Application", "src\CarLife.Application\CarLife.Application.csproj", "{B27518DE-BFB6-4CCB-816D-F928DA44A971}"
EndProject
Project("{FAE04EC0-301F-11D3-BF4B-00C04F79EFBC}") = "CarLife.Core", "src\CarLife.Core\CarLife.Core.csproj", "{BE1A6E27-3B5C-4533-976A-16F35179DA28}"
EndProject
Project("{FAE04EC0-301F-11D3-BF4B-00C04F79EFBC}") = "CarLife.Infrastructure", "src\CarLife.Infrastructure\CarLife.Infrastructure.csproj", "{A039FF83-2F4D-45EC-967C-75639ADB9A28}"
EndProject
Project("{FAE04EC0-301F-11D3-BF4B-00C04F79EFBC}") = "CarLife.Infrastructure.Data", "src\CarLife.Infrastructure.Data\CarLife.Infrastructure.Data.csproj", "{88DB732A-D5C9-4753-9F81-A205B9E5FD74}"
EndProject
Project("{FAE04EC0-301F-11D3-BF4B-00C04F79EFBC}") = "CarLife.Shared", "src\CarLife.Shared\CarLife.Shared.csproj", "{11C0062B-7FD5-4243-9688-10EA4DC6F398}"
EndProject
Project("{FAE04EC0-301F-11D3-BF4B-00C04F79EFBC}") = "CarLife.Application.Tests", "tests\CarLife.Application.Tests\CarLife.Application.Tests.csproj", "{41404D12-BF9E-4CEE-8894-65844D60F14D}"
EndProject
Project("{FAE04EC0-301F-11D3-BF4B-00C04F79EFBC}") = "CarLife.Core.Tests", "tests\CarLife.Core.Tests\CarLife.Core.Tests.csproj", "{F93025C9-E014-4A26-B5CB-5959C71E816F}"
EndProject
Project("{FAE04EC0-301F-11D3-BF4B-00C04F79EFBC}") = "CarLife.IdentityServer.Tests", "tests\CarLife.IdentityServer.Tests\CarLife.IdentityServer.Tests.csproj", "{65150FF8-A42F-4890-93D0-16D5CE70DA8F}"
EndProject
Project("{FAE04EC0-301F-11D3-BF4B-00C04F79EFBC}") = "CarLife.Infrastructure.Tests", "tests\CarLife.Infrastructure.Tests\CarLife.Infrastructure.Tests.csproj", "{30083F6C-D809-4592-92D4-739831064C69}"
EndProject
Project("{FAE04EC0-301F-11D3-BF4B-00C04F79EFBC}") = "CarLife.Infrastructure.Data.Tests", "tests\CarLife.Infrastructure.Data.Tests\CarLife.Infrastructure.Data.Tests.csproj", "{F5E90001-167D-488D-AE49-5838FFE0BD73}"
EndProject
Project("{FAE04EC0-301F-11D3-BF4B-00C04F79EFBC}") = "CarLife.Shared.Tests", "tests\CarLife.Shared.Tests\CarLife.Shared.Tests.csproj", "{147B5737-46B8-443C-9515-6D57DB36D93A}"
EndProject
Project("{FAE04EC0-301F-11D3-BF4B-00C04F79EFBC}") = "CarLife.WebUI.Tests", "tests\CarLife.WebUI.Tests\CarLife.WebUI.Tests.csproj", "{BDE09C44-3F2B-442E-9475-B4A28E83DC27}"
EndProject
Project("{FAE04EC0-301F-11D3-BF4B-00C04F79EFBC}") = "CarLife.WebAPI.Tests", "tests\CarLife.WebAPI.Tests\CarLife.WebAPI.Tests.csproj", "{623CD3B4-C49E-412B-9EFE-63F00D1718EB}"
EndProject
Global
	GlobalSection(SolutionConfigurationPlatforms) = preSolution
		Debug|Any CPU = Debug|Any CPU
		Release|Any CPU = Release|Any CPU
	EndGlobalSection
	GlobalSection(ProjectConfigurationPlatforms) = postSolution
		{31EEF573-2227-4754-B0A5-D90459D8E985}.Debug|Any CPU.ActiveCfg = Debug|Any CPU
		{31EEF573-2227-4754-B0A5-D90459D8E985}.Debug|Any CPU.Build.0 = Debug|Any CPU
		{31EEF573-2227-4754-B0A5-D90459D8E985}.Release|Any CPU.ActiveCfg = Release|Any CPU
		{31EEF573-2227-4754-B0A5-D90459D8E985}.Release|Any CPU.Build.0 = Release|Any CPU
		{5CC9C81C-1901-42A1-96D7-D622B5E59E66}.Debug|Any CPU.ActiveCfg = Debug|Any CPU
		{5CC9C81C-1901-42A1-96D7-D622B5E59E66}.Debug|Any CPU.Build.0 = Debug|Any CPU
		{5CC9C81C-1901-42A1-96D7-D622B5E59E66}.Release|Any CPU.ActiveCfg = Release|Any CPU
		{5CC9C81C-1901-42A1-96D7-D622B5E59E66}.Release|Any CPU.Build.0 = Release|Any CPU
		{26666192-06C4-40EA-BBE4-E2CB692395F9}.Debug|Any CPU.ActiveCfg = Debug|Any CPU
		{26666192-06C4-40EA-BBE4-E2CB692395F9}.Debug|Any CPU.Build.0 = Debug|Any CPU
		{26666192-06C4-40EA-BBE4-E2CB692395F9}.Release|Any CPU.ActiveCfg = Release|Any CPU
		{26666192-06C4-40EA-BBE4-E2CB692395F9}.Release|Any CPU.Build.0 = Release|Any CPU
		{B27518DE-BFB6-4CCB-816D-F928DA44A971}.Debug|Any CPU.ActiveCfg = Debug|Any CPU
		{B27518DE-BFB6-4CCB-816D-F928DA44A971}.Debug|Any CPU.Build.0 = Debug|Any CPU
		{B27518DE-BFB6-4CCB-816D-F928DA44A971}.Release|Any CPU.ActiveCfg = Release|Any CPU
		{B27518DE-BFB6-4CCB-816D-F928DA44A971}.Release|Any CPU.Build.0 = Release|Any CPU
		{BE1A6E27-3B5C-4533-976A-16F35179DA28}.Debug|Any CPU.ActiveCfg = Debug|Any CPU
		{BE1A6E27-3B5C-4533-976A-16F35179DA28}.Debug|Any CPU.Build.0 = Debug|Any CPU
		{BE1A6E27-3B5C-4533-976A-16F35179DA28}.Release|Any CPU.ActiveCfg = Release|Any CPU
		{BE1A6E27-3B5C-4533-976A-16F35179DA28}.Release|Any CPU.Build.0 = Release|Any CPU
		{A039FF83-2F4D-45EC-967C-75639ADB9A28}.Debug|Any CPU.ActiveCfg = Debug|Any CPU
		{A039FF83-2F4D-45EC-967C-75639ADB9A28}.Debug|Any CPU.Build.0 = Debug|Any CPU
		{A039FF83-2F4D-45EC-967C-75639ADB9A28}.Release|Any CPU.ActiveCfg = Release|Any CPU
		{A039FF83-2F4D-45EC-967C-75639ADB9A28}.Release|Any CPU.Build.0 = Release|Any CPU
		{88DB732A-D5C9-4753-9F81-A205B9E5FD74}.Debug|Any CPU.ActiveCfg = Debug|Any CPU
		{88DB732A-D5C9-4753-9F81-A205B9E5FD74}.Debug|Any CPU.Build.0 = Debug|Any CPU
		{88DB732A-D5C9-4753-9F81-A205B9E5FD74}.Release|Any CPU.ActiveCfg = Release|Any CPU
		{88DB732A-D5C9-4753-9F81-A205B9E5FD74}.Release|Any CPU.Build.0 = Release|Any CPU
		{11C0062B-7FD5-4243-9688-10EA4DC6F398}.Debug|Any CPU.ActiveCfg = Debug|Any CPU
		{11C0062B-7FD5-4243-9688-10EA4DC6F398}.Debug|Any CPU.Build.0 = Debug|Any CPU
		{11C0062B-7FD5-4243-9688-10EA4DC6F398}.Release|Any CPU.ActiveCfg = Release|Any CPU
		{11C0062B-7FD5-4243-9688-10EA4DC6F398}.Release|Any CPU.Build.0 = Release|Any CPU
		{41404D12-BF9E-4CEE-8894-65844D60F14D}.Debug|Any CPU.ActiveCfg = Debug|Any CPU
		{41404D12-BF9E-4CEE-8894-65844D60F14D}.Debug|Any CPU.Build.0 = Debug|Any CPU
		{41404D12-BF9E-4CEE-8894-65844D60F14D}.Release|Any CPU.ActiveCfg = Release|Any CPU
		{41404D12-BF9E-4CEE-8894-65844D60F14D}.Release|Any CPU.Build.0 = Release|Any CPU
		{F93025C9-E014-4A26-B5CB-5959C71E816F}.Debug|Any CPU.ActiveCfg = Debug|Any CPU
		{F93025C9-E014-4A26-B5CB-5959C71E816F}.Debug|Any CPU.Build.0 = Debug|Any CPU
		{F93025C9-E014-4A26-B5CB-5959C71E816F}.Release|Any CPU.ActiveCfg = Release|Any CPU
		{F93025C9-E014-4A26-B5CB-5959C71E816F}.Release|Any CPU.Build.0 = Release|Any CPU
		{65150FF8-A42F-4890-93D0-16D5CE70DA8F}.Debug|Any CPU.ActiveCfg = Debug|Any CPU
		{65150FF8-A42F-4890-93D0-16D5CE70DA8F}.Debug|Any CPU.Build.0 = Debug|Any CPU
		{65150FF8-A42F-4890-93D0-16D5CE70DA8F}.Release|Any CPU.ActiveCfg = Release|Any CPU
		{65150FF8-A42F-4890-93D0-16D5CE70DA8F}.Release|Any CPU.Build.0 = Release|Any CPU
		{30083F6C-D809-4592-92D4-739831064C69}.Debug|Any CPU.ActiveCfg = Debug|Any CPU
		{30083F6C-D809-4592-92D4-739831064C69}.Debug|Any CPU.Build.0 = Debug|Any CPU
		{30083F6C-D809-4592-92D4-739831064C69}.Release|Any CPU.ActiveCfg = Release|Any CPU
		{30083F6C-D809-4592-92D4-739831064C69}.Release|Any CPU.Build.0 = Release|Any CPU
		{F5E90001-167D-488D-AE49-5838FFE0BD73}.Debug|Any CPU.ActiveCfg = Debug|Any CPU
		{F5E90001-167D-488D-AE49-5838FFE0BD73}.Debug|Any CPU.Build.0 = Debug|Any CPU
		{F5E90001-167D-488D-AE49-5838FFE0BD73}.Release|Any CPU.ActiveCfg = Release|Any CPU
		{F5E90001-167D-488D-AE49-5838FFE0BD73}.Release|Any CPU.Build.0 = Release|Any CPU
		{147B5737-46B8-443C-9515-6D57DB36D93A}.Debug|Any CPU.ActiveCfg = Debug|Any CPU
		{147B5737-46B8-443C-9515-6D57DB36D93A}.Debug|Any CPU.Build.0 = Debug|Any CPU
		{147B5737-46B8-443C-9515-6D57DB36D93A}.Release|Any CPU.ActiveCfg = Release|Any CPU
		{147B5737-46B8-443C-9515-6D57DB36D93A}.Release|Any CPU.Build.0 = Release|Any CPU
		{BDE09C44-3F2B-442E-9475-B4A28E83DC27}.Debug|Any CPU.ActiveCfg = Debug|Any CPU
		{BDE09C44-3F2B-442E-9475-B4A28E83DC27}.Debug|Any CPU.Build.0 = Debug|Any CPU
		{BDE09C44-3F2B-442E-9475-B4A28E83DC27}.Release|Any CPU.ActiveCfg = Release|Any CPU
		{BDE09C44-3F2B-442E-9475-B4A28E83DC27}.Release|Any CPU.Build.0 = Release|Any CPU
		{623CD3B4-C49E-412B-9EFE-63F00D1718EB}.Debug|Any CPU.ActiveCfg = Debug|Any CPU
		{623CD3B4-C49E-412B-9EFE-63F00D1718EB}.Debug|Any CPU.Build.0 = Debug|Any CPU
		{623CD3B4-C49E-412B-9EFE-63F00D1718EB}.Release|Any CPU.ActiveCfg = Release|Any CPU
		{623CD3B4-C49E-412B-9EFE-63F00D1718EB}.Release|Any CPU.Build.0 = Release|Any CPU
	EndGlobalSection
	GlobalSection(SolutionProperties) = preSolution
		HideSolutionNode = FALSE
	EndGlobalSection
	GlobalSection(NestedProjects) = preSolution
		{31EEF573-2227-4754-B0A5-D90459D8E985} = {106AE906-5075-410A-B941-912F811848EE}
		{5CC9C81C-1901-42A1-96D7-D622B5E59E66} = {106AE906-5075-410A-B941-912F811848EE}
		{26666192-06C4-40EA-BBE4-E2CB692395F9} = {106AE906-5075-410A-B941-912F811848EE}
		{B27518DE-BFB6-4CCB-816D-F928DA44A971} = {106AE906-5075-410A-B941-912F811848EE}
		{BE1A6E27-3B5C-4533-976A-16F35179DA28} = {106AE906-5075-410A-B941-912F811848EE}
		{A039FF83-2F4D-45EC-967C-75639ADB9A28} = {106AE906-5075-410A-B941-912F811848EE}
		{88DB732A-D5C9-4753-9F81-A205B9E5FD74} = {106AE906-5075-410A-B941-912F811848EE}
		{11C0062B-7FD5-4243-9688-10EA4DC6F398} = {106AE906-5075-410A-B941-912F811848EE}
		{41404D12-BF9E-4CEE-8894-65844D60F14D} = {B31B4797-1D9F-4288-808C-BE9A31A98C7D}
		{F93025C9-E014-4A26-B5CB-5959C71E816F} = {B31B4797-1D9F-4288-808C-BE9A31A98C7D}
		{65150FF8-A42F-4890-93D0-16D5CE70DA8F} = {B31B4797-1D9F-4288-808C-BE9A31A98C7D}
		{30083F6C-D809-4592-92D4-739831064C69} = {B31B4797-1D9F-4288-808C-BE9A31A98C7D}
		{F5E90001-167D-488D-AE49-5838FFE0BD73} = {B31B4797-1D9F-4288-808C-BE9A31A98C7D}
		{147B5737-46B8-443C-9515-6D57DB36D93A} = {B31B4797-1D9F-4288-808C-BE9A31A98C7D}
		{BDE09C44-3F2B-442E-9475-B4A28E83DC27} = {B31B4797-1D9F-4288-808C-BE9A31A98C7D}
		{623CD3B4-C49E-412B-9EFE-63F00D1718EB} = {B31B4797-1D9F-4288-808C-BE9A31A98C7D}
	EndGlobalSection
	GlobalSection(ExtensibilityGlobals) = postSolution
		SolutionGuid = {B0F19343-8185-4A9F-9165-0EA8544BC925}
	EndGlobalSection
EndGlobal
