
Microsoft Visual Studio Solution File, Format Version 12.00
# Visual Studio Version 17
VisualStudioVersion = 17.0.31815.197
MinimumVisualStudioVersion = 10.0.40219.1
Project("{2150E333-8FDC-42A3-9474-1A3956D46DE8}") = "src", "src", "{106AE906-5075-410A-B941-912F811848EE}"
EndProject
Project("{2150E333-8FDC-42A3-9474-1A3956D46DE8}") = "tests", "tests", "{B31B4797-1D9F-4288-808C-BE9A31A98C7D}"
EndProject
Project("{2150E333-8FDC-42A3-9474-1A3956D46DE8}") = "Solution Items", "Solution Items", "{250F283E-FE2F-4BBD-9E63-A2265B84E23F}"
	ProjectSection(SolutionItems) = preProject
		.editorconfig = .editorconfig
		CleanArchitecture.nuspec = CleanArchitecture.nuspec
		Directory.Build.props = Directory.Build.props
		Directory.Packages.props = Directory.Packages.props
	EndProjectSection
EndProject
Project("{9A19103F-16F7-4668-BE54-9A1E7A4F7556}") = "CarLife.Core", "src\CarLife.Core\CarLife.Core.csproj", "{AC1106D9-DEE7-4702-B383-E512757932BC}"
EndProject
Project("{9A19103F-16F7-4668-BE54-9A1E7A4F7556}") = "CarLife.Application", "src\CarLife.Application\CarLife.Application.csproj", "{D117A58E-D376-43AB-AAEF-EEAB769C45D6}"
EndProject
Project("{9A19103F-16F7-4668-BE54-9A1E7A4F7556}") = "CarLife.Infrastructure.Data", "src\CarLife.Infrastructure.Data\CarLife.Infrastructure.Data.csproj", "{3660E73F-EF93-4DA3-8189-30D530B79542}"
EndProject
Project("{9A19103F-16F7-4668-BE54-9A1E7A4F7556}") = "CarLife.Infrastructure", "src\CarLife.Infrastructure\CarLife.Infrastructure.csproj", "{A163894E-3E0A-4E91-831B-423837201384}"
EndProject
Project("{9A19103F-16F7-4668-BE54-9A1E7A4F7556}") = "CarLife.Shared", "src\CarLife.Shared\CarLife.Shared.csproj", "{28509BC4-9F43-4947-841D-63210C20C027}"
EndProject
Project("{9A19103F-16F7-4668-BE54-9A1E7A4F7556}") = "CarLife.WebUI", "src\CarLife.WebUI\CarLife.WebUI.csproj", "{31EEF573-2227-4754-B0A5-D90459D8E985}"
EndProject
Project("{9A19103F-16F7-4668-BE54-9A1E7A4F7556}") = "CarLife.WebAPI", "src\CarLife.WebAPI\CarLife.WebAPI.csproj", "{5CC9C81C-1901-42A1-96D7-D622B5E59E66}"
EndProject
Project("{9A19103F-16F7-4668-BE54-9A1E7A4F7556}") = "CarLife.IdentityServer", "src\CarLife.IdentityServer\CarLife.IdentityServer.csproj", "{26666192-06C4-40EA-BBE4-E2CB692395F9}"
EndProject
Project("{9A19103F-16F7-4668-BE54-9A1E7A4F7556}") = "CarLife.Application.Tests", "tests\CarLife.Application.Tests\CarLife.Application.Tests.csproj", "{C691E7DE-B539-4427-97ED-08640469B647}"
EndProject
Project("{9A19103F-16F7-4668-BE54-9A1E7A4F7556}") = "CartLife.IdentityServer.Tests", "tests\CartLife.IdentityServer.Tests\CartLife.IdentityServer.Tests.csproj", "{37EF1087-201D-4E24-B760-F175D566F6B5}"
EndProject
Project("{9A19103F-16F7-4668-BE54-9A1E7A4F7556}") = "CarLife.Core.Tests", "tests\CarLife.Core.Tests\CarLife.Core.Tests.csproj", "{555A632A-38A2-46E5-AAEA-CADE8D460483}"
EndProject
Project("{9A19103F-16F7-4668-BE54-9A1E7A4F7556}") = "CarLife.Infrastructure.Tests", "tests\Car.Life.Infrastructure.Tests\CarLife.Infrastructure.Tests.csproj", "{74F61E51-91C6-41D2-B611-CF2B5FFC5609}"
EndProject
Project("{9A19103F-16F7-4668-BE54-9A1E7A4F7556}") = "CarLife.Infrastructure.Data.Tests", "tests\Car.Life.Infrastructure.Data.Tests\CarLife.Infrastructure.Data.Tests.csproj", "{B373591A-D051-4CCA-8AAC-F989145E4F79}"
EndProject
Project("{9A19103F-16F7-4668-BE54-9A1E7A4F7556}") = "CarLife.Shared.Tests", "tests\CarLife.Shared.Tests\CarLife.Shared.Tests.csproj", "{F5DC944E-523A-4DFE-888D-4E3A6C12910A}"
EndProject
Project("{9A19103F-16F7-4668-BE54-9A1E7A4F7556}") = "CarLife.WebUI.Tests", "tests\CarLife.WebUI.Tests\CarLife.WebUI.Tests.csproj", "{B3BF2CA0-1641-4B3C-AEDB-124115C12952}"
EndProject
Project("{9A19103F-16F7-4668-BE54-9A1E7A4F7556}") = "CarLife.WebAPI.Tests", "tests\CarLife.WebAPI.Tests\CarLife.WebAPI.Tests.csproj", "{A0D28450-C19A-4517-BBEA-9B5B6AFF81E5}"
EndProject
Global
	GlobalSection(SolutionConfigurationPlatforms) = preSolution
		Debug|Any CPU = Debug|Any CPU
		Release|Any CPU = Release|Any CPU
	EndGlobalSection
	GlobalSection(ProjectConfigurationPlatforms) = postSolution
		{AC1106D9-DEE7-4702-B383-E512757932BC}.Debug|Any CPU.ActiveCfg = Debug|Any CPU
		{AC1106D9-DEE7-4702-B383-E512757932BC}.Debug|Any CPU.Build.0 = Debug|Any CPU
		{AC1106D9-DEE7-4702-B383-E512757932BC}.Release|Any CPU.ActiveCfg = Release|Any CPU
		{AC1106D9-DEE7-4702-B383-E512757932BC}.Release|Any CPU.Build.0 = Release|Any CPU
		{D117A58E-D376-43AB-AAEF-EEAB769C45D6}.Debug|Any CPU.ActiveCfg = Debug|Any CPU
		{D117A58E-D376-43AB-AAEF-EEAB769C45D6}.Debug|Any CPU.Build.0 = Debug|Any CPU
		{D117A58E-D376-43AB-AAEF-EEAB769C45D6}.Release|Any CPU.ActiveCfg = Release|Any CPU
		{D117A58E-D376-43AB-AAEF-EEAB769C45D6}.Release|Any CPU.Build.0 = Release|Any CPU
		{3660E73F-EF93-4DA3-8189-30D530B79542}.Debug|Any CPU.ActiveCfg = Debug|Any CPU
		{3660E73F-EF93-4DA3-8189-30D530B79542}.Debug|Any CPU.Build.0 = Debug|Any CPU
		{3660E73F-EF93-4DA3-8189-30D530B79542}.Release|Any CPU.ActiveCfg = Release|Any CPU
		{3660E73F-EF93-4DA3-8189-30D530B79542}.Release|Any CPU.Build.0 = Release|Any CPU
		{A163894E-3E0A-4E91-831B-423837201384}.Debug|Any CPU.ActiveCfg = Debug|Any CPU
		{A163894E-3E0A-4E91-831B-423837201384}.Debug|Any CPU.Build.0 = Debug|Any CPU
		{A163894E-3E0A-4E91-831B-423837201384}.Release|Any CPU.ActiveCfg = Release|Any CPU
		{A163894E-3E0A-4E91-831B-423837201384}.Release|Any CPU.Build.0 = Release|Any CPU
		{28509BC4-9F43-4947-841D-63210C20C027}.Debug|Any CPU.ActiveCfg = Debug|Any CPU
		{28509BC4-9F43-4947-841D-63210C20C027}.Debug|Any CPU.Build.0 = Debug|Any CPU
		{28509BC4-9F43-4947-841D-63210C20C027}.Release|Any CPU.ActiveCfg = Release|Any CPU
		{28509BC4-9F43-4947-841D-63210C20C027}.Release|Any CPU.Build.0 = Release|Any CPU
		{31EEF573-2227-4754-B0A5-D90459D8E985}.Debug|Any CPU.ActiveCfg = Debug|Any CPU
		{31EEF573-2227-4754-B0A5-D90459D8E985}.Debug|Any CPU.Build.0 = Debug|Any CPU
		{31EEF573-2227-4754-B0A5-D90459D8E985}.Release|Any CPU.ActiveCfg = Release|Any CPU
		{31EEF573-2227-4754-B0A5-D90459D8E985}.Release|Any CPU.Build.0 = Release|Any CPU
		{5CC9C81C-1901-42A1-96D7-D622B5E59E66}.Debug|Any CPU.ActiveCfg = Debug|Any CPU
		{5CC9C81C-1901-42A1-96D7-D622B5E59E66}.Debug|Any CPU.Build.0 = Debug|Any CPU
		{5CC9C81C-1901-42A1-96D7-D622B5E59E66}.Release|Any CPU.ActiveCfg = Release|Any CPU
		{5CC9C81C-1901-42A1-96D7-D622B5E59E66}.Release|Any CPU.Build.0 = Release|Any CPU
		{26666192-06C4-40EA-BBE4-E2CB692395F9}.Debug|Any CPU.ActiveCfg = Debug|Any CPU
		{26666192-06C4-40EA-BBE4-E2CB692395F9}.Debug|Any CPU.Build.0 = Debug|Any CPU
		{26666192-06C4-40EA-BBE4-E2CB692395F9}.Release|Any CPU.ActiveCfg = Release|Any CPU
		{26666192-06C4-40EA-BBE4-E2CB692395F9}.Release|Any CPU.Build.0 = Release|Any CPU
		{C691E7DE-B539-4427-97ED-08640469B647}.Debug|Any CPU.ActiveCfg = Debug|Any CPU
		{C691E7DE-B539-4427-97ED-08640469B647}.Debug|Any CPU.Build.0 = Debug|Any CPU
		{C691E7DE-B539-4427-97ED-08640469B647}.Release|Any CPU.ActiveCfg = Release|Any CPU
		{C691E7DE-B539-4427-97ED-08640469B647}.Release|Any CPU.Build.0 = Release|Any CPU
		{37EF1087-201D-4E24-B760-F175D566F6B5}.Debug|Any CPU.ActiveCfg = Debug|Any CPU
		{37EF1087-201D-4E24-B760-F175D566F6B5}.Debug|Any CPU.Build.0 = Debug|Any CPU
		{37EF1087-201D-4E24-B760-F175D566F6B5}.Release|Any CPU.ActiveCfg = Release|Any CPU
		{37EF1087-201D-4E24-B760-F175D566F6B5}.Release|Any CPU.Build.0 = Release|Any CPU
		{555A632A-38A2-46E5-AAEA-CADE8D460483}.Debug|Any CPU.ActiveCfg = Debug|Any CPU
		{555A632A-38A2-46E5-AAEA-CADE8D460483}.Debug|Any CPU.Build.0 = Debug|Any CPU
		{555A632A-38A2-46E5-AAEA-CADE8D460483}.Release|Any CPU.ActiveCfg = Release|Any CPU
		{555A632A-38A2-46E5-AAEA-CADE8D460483}.Release|Any CPU.Build.0 = Release|Any CPU
		{74F61E51-91C6-41D2-B611-CF2B5FFC5609}.Debug|Any CPU.ActiveCfg = Debug|Any CPU
		{74F61E51-91C6-41D2-B611-CF2B5FFC5609}.Debug|Any CPU.Build.0 = Debug|Any CPU
		{74F61E51-91C6-41D2-B611-CF2B5FFC5609}.Release|Any CPU.ActiveCfg = Release|Any CPU
		{74F61E51-91C6-41D2-B611-CF2B5FFC5609}.Release|Any CPU.Build.0 = Release|Any CPU
		{B373591A-D051-4CCA-8AAC-F989145E4F79}.Debug|Any CPU.ActiveCfg = Debug|Any CPU
		{B373591A-D051-4CCA-8AAC-F989145E4F79}.Debug|Any CPU.Build.0 = Debug|Any CPU
		{B373591A-D051-4CCA-8AAC-F989145E4F79}.Release|Any CPU.ActiveCfg = Release|Any CPU
		{B373591A-D051-4CCA-8AAC-F989145E4F79}.Release|Any CPU.Build.0 = Release|Any CPU
		{F5DC944E-523A-4DFE-888D-4E3A6C12910A}.Debug|Any CPU.ActiveCfg = Debug|Any CPU
		{F5DC944E-523A-4DFE-888D-4E3A6C12910A}.Debug|Any CPU.Build.0 = Debug|Any CPU
		{F5DC944E-523A-4DFE-888D-4E3A6C12910A}.Release|Any CPU.ActiveCfg = Release|Any CPU
		{F5DC944E-523A-4DFE-888D-4E3A6C12910A}.Release|Any CPU.Build.0 = Release|Any CPU
		{B3BF2CA0-1641-4B3C-AEDB-124115C12952}.Debug|Any CPU.ActiveCfg = Debug|Any CPU
		{B3BF2CA0-1641-4B3C-AEDB-124115C12952}.Debug|Any CPU.Build.0 = Debug|Any CPU
		{B3BF2CA0-1641-4B3C-AEDB-124115C12952}.Release|Any CPU.ActiveCfg = Release|Any CPU
		{B3BF2CA0-1641-4B3C-AEDB-124115C12952}.Release|Any CPU.Build.0 = Release|Any CPU
		{A0D28450-C19A-4517-BBEA-9B5B6AFF81E5}.Debug|Any CPU.ActiveCfg = Debug|Any CPU
		{A0D28450-C19A-4517-BBEA-9B5B6AFF81E5}.Debug|Any CPU.Build.0 = Debug|Any CPU
		{A0D28450-C19A-4517-BBEA-9B5B6AFF81E5}.Release|Any CPU.ActiveCfg = Release|Any CPU
		{A0D28450-C19A-4517-BBEA-9B5B6AFF81E5}.Release|Any CPU.Build.0 = Release|Any CPU
	EndGlobalSection
	GlobalSection(SolutionProperties) = preSolution
		HideSolutionNode = FALSE
	EndGlobalSection
	GlobalSection(NestedProjects) = preSolution
		{AC1106D9-DEE7-4702-B383-E512757932BC} = {106AE906-5075-410A-B941-912F811848EE}
		{D117A58E-D376-43AB-AAEF-EEAB769C45D6} = {106AE906-5075-410A-B941-912F811848EE}
		{3660E73F-EF93-4DA3-8189-30D530B79542} = {106AE906-5075-410A-B941-912F811848EE}
		{A163894E-3E0A-4E91-831B-423837201384} = {106AE906-5075-410A-B941-912F811848EE}
		{28509BC4-9F43-4947-841D-63210C20C027} = {106AE906-5075-410A-B941-912F811848EE}
		{31EEF573-2227-4754-B0A5-D90459D8E985} = {106AE906-5075-410A-B941-912F811848EE}
		{5CC9C81C-1901-42A1-96D7-D622B5E59E66} = {106AE906-5075-410A-B941-912F811848EE}
		{26666192-06C4-40EA-BBE4-E2CB692395F9} = {106AE906-5075-410A-B941-912F811848EE}
		{C691E7DE-B539-4427-97ED-08640469B647} = {B31B4797-1D9F-4288-808C-BE9A31A98C7D}
		{37EF1087-201D-4E24-B760-F175D566F6B5} = {B31B4797-1D9F-4288-808C-BE9A31A98C7D}
		{555A632A-38A2-46E5-AAEA-CADE8D460483} = {B31B4797-1D9F-4288-808C-BE9A31A98C7D}
		{74F61E51-91C6-41D2-B611-CF2B5FFC5609} = {B31B4797-1D9F-4288-808C-BE9A31A98C7D}
		{B373591A-D051-4CCA-8AAC-F989145E4F79} = {B31B4797-1D9F-4288-808C-BE9A31A98C7D}
		{F5DC944E-523A-4DFE-888D-4E3A6C12910A} = {B31B4797-1D9F-4288-808C-BE9A31A98C7D}
		{B3BF2CA0-1641-4B3C-AEDB-124115C12952} = {B31B4797-1D9F-4288-808C-BE9A31A98C7D}
		{A0D28450-C19A-4517-BBEA-9B5B6AFF81E5} = {B31B4797-1D9F-4288-808C-BE9A31A98C7D}
	EndGlobalSection
	GlobalSection(ExtensibilityGlobals) = postSolution
		SolutionGuid = {B0F19343-8185-4A9F-9165-0EA8544BC925}
	EndGlobalSection
EndGlobal
